{
  "name": "deployer",
  "version": "1.0.0",
  "lockfileVersion": 2,
  "requires": true,
  "packages": {
    "": {
      "version": "1.0.0",
      "license": "ISC",
      "dependencies": {
        "@actions/core": "^1.2.7",
        "@actions/exec": "^1.0.4",
        "@actions/github": "^4.0.0",
        "@actions/io": "^1.1.0"
      },
      "devDependencies": {
        "@rollup/plugin-node-resolve": "^13.0.0"
      }
    },
    "node_modules/@actions/core": {
      "version": "1.2.7",
      "resolved": "https://registry.npm.taobao.org/@actions/core/download/@actions/core-1.2.7.tgz",
      "integrity": "sha1-WU+MRbIT8BRuS+ftqK5c9OGY5as="
    },
    "node_modules/@actions/exec": {
      "version": "1.0.4",
      "resolved": "https://registry.nlark.com/@actions/exec/download/@actions/exec-1.0.4.tgz",
      "integrity": "sha1-mddTEOYuWfw30u5tz/bUv/rdOl0=",
      "dependencies": {
        "@actions/io": "^1.0.1"
      }
    },
    "node_modules/@actions/github": {
      "version": "4.0.0",
      "resolved": "https://registry.nlark.com/@actions/github/download/@actions/github-4.0.0.tgz",
      "integrity": "sha1-1SBIMVGiv10tyc0PIPmsOi5FiBY=",
      "dependencies": {
        "@actions/http-client": "^1.0.8",
        "@octokit/core": "^3.0.0",
        "@octokit/plugin-paginate-rest": "^2.2.3",
        "@octokit/plugin-rest-endpoint-methods": "^4.0.0"
      }
    },
    "node_modules/@actions/http-client": {
      "version": "1.0.11",
      "resolved": "https://registry.nlark.com/@actions/http-client/download/@actions/http-client-1.0.11.tgz",
      "integrity": "sha1-xYsS6aqLFZ7jnn3Wy9DpHZBWM8A=",
      "dependencies": {
        "tunnel": "0.0.6"
      }
    },
    "node_modules/@actions/io": {
      "version": "1.1.0",
      "resolved": "https://registry.nlark.com/@actions/io/download/@actions/io-1.1.0.tgz",
      "integrity": "sha1-AsmLXtk8MzGYHJoHVJQGZADq23o="
    },
    "node_modules/@octokit/auth-token": {
      "version": "2.4.5",
      "resolved": "https://registry.npm.taobao.org/@octokit/auth-token/download/@octokit/auth-token-2.4.5.tgz",
      "integrity": "sha1-VozPuMtG82RB+sCUzjT3qHWxl/M=",
      "dependencies": {
        "@octokit/types": "^6.0.3"
      }
    },
    "node_modules/@octokit/core": {
      "version": "3.4.0",
      "resolved": "https://registry.npm.taobao.org/@octokit/core/download/@octokit/core-3.4.0.tgz",
      "integrity": "sha1-tIqifXVbM5/nVQVIs0DcwrUTt0I=",
      "dependencies": {
        "@octokit/auth-token": "^2.4.4",
        "@octokit/graphql": "^4.5.8",
        "@octokit/request": "^5.4.12",
        "@octokit/request-error": "^2.0.5",
        "@octokit/types": "^6.0.3",
        "before-after-hook": "^2.2.0",
        "universal-user-agent": "^6.0.0"
      }
    },
    "node_modules/@octokit/endpoint": {
      "version": "6.0.11",
      "resolved": "https://registry.npm.taobao.org/@octokit/endpoint/download/@octokit/endpoint-6.0.11.tgz",
      "integrity": "sha1-CCrcKuvKbc76H7OD9e+z7QgZSdE=",
      "dependencies": {
        "@octokit/types": "^6.0.3",
        "is-plain-object": "^5.0.0",
        "universal-user-agent": "^6.0.0"
      }
    },
    "node_modules/@octokit/graphql": {
      "version": "4.6.1",
      "resolved": "https://registry.npm.taobao.org/@octokit/graphql/download/@octokit/graphql-4.6.1.tgz",
      "integrity": "sha1-+XVIakbJS32+WKDKdRk17cfjLMk=",
      "dependencies": {
        "@octokit/request": "^5.3.0",
        "@octokit/types": "^6.0.3",
        "universal-user-agent": "^6.0.0"
      }
    },
    "node_modules/@octokit/openapi-types": {
      "version": "7.0.0",
      "resolved": "https://registry.nlark.com/@octokit/openapi-types/download/@octokit/openapi-types-7.0.0.tgz",
      "integrity": "sha1-D2mS25hUrxXsp31xqw7H+tLyBBE="
    },
    "node_modules/@octokit/plugin-paginate-rest": {
      "version": "2.13.3",
      "resolved": "https://registry.npm.taobao.org/@octokit/plugin-paginate-rest/download/@octokit/plugin-paginate-rest-2.13.3.tgz",
      "integrity": "sha1-8PF5IjCAUQh2LYeQb7AtVzueBwo=",
      "dependencies": {
        "@octokit/types": "^6.11.0"
      },
      "peerDependencies": {
        "@octokit/core": ">=2"
      }
    },
    "node_modules/@octokit/plugin-rest-endpoint-methods": {
      "version": "4.15.1",
      "resolved": "https://registry.nlark.com/@octokit/plugin-rest-endpoint-methods/download/@octokit/plugin-rest-endpoint-methods-4.15.1.tgz",
      "integrity": "sha1-kaBkvumdD/zvdKBDV+HPFcJ9HNA=",
      "dependencies": {
        "@octokit/types": "^6.13.0",
        "deprecation": "^2.3.1"
      },
      "peerDependencies": {
        "@octokit/core": ">=3"
      }
    },
    "node_modules/@octokit/request": {
      "version": "5.4.15",
      "resolved": "https://registry.npm.taobao.org/@octokit/request/download/@octokit/request-5.4.15.tgz",
      "integrity": "sha1-gp2kE9x906peLNuxx9Dr4fFGoSg=",
      "dependencies": {
        "@octokit/endpoint": "^6.0.1",
        "@octokit/request-error": "^2.0.0",
        "@octokit/types": "^6.7.1",
        "is-plain-object": "^5.0.0",
        "node-fetch": "^2.6.1",
        "universal-user-agent": "^6.0.0"
      }
    },
    "node_modules/@octokit/request-error": {
      "version": "2.0.5",
      "resolved": "https://registry.npm.taobao.org/@octokit/request-error/download/@octokit/request-error-2.0.5.tgz",
      "integrity": "sha1-csyR7chwKBrVg6QmGSVrOAxgAUM=",
      "dependencies": {
        "@octokit/types": "^6.0.3",
        "deprecation": "^2.0.0",
        "once": "^1.4.0"
      }
    },
    "node_modules/@octokit/types": {
      "version": "6.14.2",
      "resolved": "https://registry.nlark.com/@octokit/types/download/@octokit/types-6.14.2.tgz",
      "integrity": "sha1-ZMlFfzj7hSK9u6PIzIFFkKLWG/U=",
      "dependencies": {
        "@octokit/openapi-types": "^7.0.0"
      }
    },
    "node_modules/@rollup/plugin-node-resolve": {
      "version": "13.0.0",
      "resolved": "https://registry.nlark.com/@rollup/plugin-node-resolve/download/@rollup/plugin-node-resolve-13.0.0.tgz",
      "integrity": "sha1-NS8H5DD/N3gJ7I7Ipv1jZUcWLcQ=",
      "dev": true,
      "dependencies": {
        "@rollup/pluginutils": "^3.1.0",
        "@types/resolve": "1.17.1",
        "builtin-modules": "^3.1.0",
        "deepmerge": "^4.2.2",
        "is-module": "^1.0.0",
        "resolve": "^1.19.0"
      },
      "engines": {
        "node": ">= 10.0.0"
      },
      "peerDependencies": {
        "rollup": "^2.42.0"
      }
    },
    "node_modules/@rollup/pluginutils": {
      "version": "3.1.0",
      "resolved": "https://registry.npm.taobao.org/@rollup/pluginutils/download/@rollup/pluginutils-3.1.0.tgz",
      "integrity": "sha1-cGtFJO5tyLEDs8mVUz5a1oDAK5s=",
      "dev": true,
      "dependencies": {
        "@types/estree": "0.0.39",
        "estree-walker": "^1.0.1",
        "picomatch": "^2.2.2"
      },
      "engines": {
        "node": ">= 8.0.0"
      },
      "peerDependencies": {
        "rollup": "^1.20.0||^2.0.0"
      }
    },
    "node_modules/@types/estree": {
      "version": "0.0.39",
      "resolved": "https://registry.npm.taobao.org/@types/estree/download/@types/estree-0.0.39.tgz",
      "integrity": "sha1-4Xfmme4bjCLSMXTKqnQiZEOJUJ8=",
      "dev": true
    },
    "node_modules/@types/node": {
      "version": "15.0.2",
      "resolved": "https://registry.nlark.com/@types/node/download/@types/node-15.0.2.tgz",
      "integrity": "sha1-UenAkg0bRZNuoENBqj4uWNM5+2c=",
      "dev": true
    },
    "node_modules/@types/resolve": {
      "version": "1.17.1",
      "resolved": "https://registry.npm.taobao.org/@types/resolve/download/@types/resolve-1.17.1.tgz?cache=0&sync_timestamp=1613671200787&other_urls=https%3A%2F%2Fregistry.npm.taobao.org%2F%40types%2Fresolve%2Fdownload%2F%40types%2Fresolve-1.17.1.tgz",
      "integrity": "sha1-Ov1q2JZ8d+Q3bFmKgt3Vj0bsRdY=",
      "dev": true,
      "dependencies": {
        "@types/node": "*"
      }
    },
    "node_modules/before-after-hook": {
      "version": "2.2.1",
      "resolved": "https://registry.npm.taobao.org/before-after-hook/download/before-after-hook-2.2.1.tgz",
      "integrity": "sha1-c1QFY1WGh1hrUu0hfa1qgCqxVJw="
    },
    "node_modules/builtin-modules": {
      "version": "3.2.0",
      "resolved": "https://registry.npm.taobao.org/builtin-modules/download/builtin-modules-3.2.0.tgz",
      "integrity": "sha1-RdXbmefuXmvE82LgCL+RerUEmIc=",
      "dev": true,
      "engines": {
        "node": ">=6"
      }
    },
    "node_modules/deepmerge": {
      "version": "4.2.2",
      "resolved": "https://registry.npm.taobao.org/deepmerge/download/deepmerge-4.2.2.tgz",
      "integrity": "sha1-RNLqNnm49NT/ujPwPYZfwee/SVU=",
      "dev": true,
      "engines": {
        "node": ">=0.10.0"
      }
    },
    "node_modules/deprecation": {
      "version": "2.3.1",
      "resolved": "https://registry.npm.taobao.org/deprecation/download/deprecation-2.3.1.tgz",
      "integrity": "sha1-Y2jL20Cr8zc7UlrIfkomDDpwCRk="
    },
    "node_modules/estree-walker": {
      "version": "1.0.1",
      "resolved": "https://registry.nlark.com/estree-walker/download/estree-walker-1.0.1.tgz?cache=0&sync_timestamp=1618846920228&other_urls=https%3A%2F%2Fregistry.nlark.com%2Festree-walker%2Fdownload%2Festree-walker-1.0.1.tgz",
      "integrity": "sha1-MbxdYSyWtwQQa0d+bdXYqhOMtwA=",
      "dev": true
    },
    "node_modules/fsevents": {
      "version": "2.3.2",
      "resolved": "https://registry.npm.taobao.org/fsevents/download/fsevents-2.3.2.tgz?cache=0&sync_timestamp=1612537044236&other_urls=https%3A%2F%2Fregistry.npm.taobao.org%2Ffsevents%2Fdownload%2Ffsevents-2.3.2.tgz",
      "integrity": "sha1-ilJveLj99GI7cJ4Ll1xSwkwC/Ro=",
      "dev": true,
      "optional": true,
      "peer": true,
      "engines": {
        "node": "^8.16.0 || ^10.6.0 || >=11.0.0"
      }
    },
    "node_modules/function-bind": {
      "version": "1.1.1",
      "resolved": "https://registry.npm.taobao.org/function-bind/download/function-bind-1.1.1.tgz",
      "integrity": "sha1-pWiZ0+o8m6uHS7l3O3xe3pL0iV0=",
      "dev": true
    },
    "node_modules/has": {
      "version": "1.0.3",
      "resolved": "https://registry.npm.taobao.org/has/download/has-1.0.3.tgz",
      "integrity": "sha1-ci18v8H2qoJB8W3YFOAR4fQeh5Y=",
      "dev": true,
      "dependencies": {
        "function-bind": "^1.1.1"
      },
      "engines": {
        "node": ">= 0.4.0"
      }
    },
    "node_modules/is-core-module": {
      "version": "2.4.0",
      "resolved": "https://registry.nlark.com/is-core-module/download/is-core-module-2.4.0.tgz",
      "integrity": "sha1-jp/I4VAnsBFBgCbpjw5vTYYwXME=",
      "dev": true,
      "dependencies": {
        "has": "^1.0.3"
      }
    },
    "node_modules/is-module": {
      "version": "1.0.0",
      "resolved": "https://registry.nlark.com/is-module/download/is-module-1.0.0.tgz",
      "integrity": "sha1-Mlj7afeMFNW4FdZkM2tM/7ZEFZE=",
      "dev": true
    },
    "node_modules/is-plain-object": {
      "version": "5.0.0",
      "resolved": "https://registry.npm.taobao.org/is-plain-object/download/is-plain-object-5.0.0.tgz",
      "integrity": "sha1-RCf1CrNCnpAl6n1S6QQ6nvQVk0Q=",
      "engines": {
        "node": ">=0.10.0"
      }
    },
    "node_modules/node-fetch": {
      "version": "2.6.1",
      "resolved": "https://registry.npm.taobao.org/node-fetch/download/node-fetch-2.6.1.tgz",
      "integrity": "sha1-BFvTI2Mfdu0uK1VXM5RBa2OaAFI=",
      "engines": {
        "node": "4.x || >=6.0.0"
      }
    },
    "node_modules/once": {
      "version": "1.4.0",
      "resolved": "https://registry.npm.taobao.org/once/download/once-1.4.0.tgz",
      "integrity": "sha1-WDsap3WWHUsROsF9nFC6753Xa9E=",
      "dependencies": {
        "wrappy": "1"
      }
    },
    "node_modules/path-parse": {
      "version": "1.0.6",
      "resolved": "https://registry.npm.taobao.org/path-parse/download/path-parse-1.0.6.tgz",
      "integrity": "sha1-1i27VnlAXXLEc37FhgDp3c8G0kw=",
      "dev": true
    },
    "node_modules/picomatch": {
      "version": "2.2.3",
      "resolved": "https://registry.npm.taobao.org/picomatch/download/picomatch-2.2.3.tgz?cache=0&sync_timestamp=1618050023150&other_urls=https%3A%2F%2Fregistry.npm.taobao.org%2Fpicomatch%2Fdownload%2Fpicomatch-2.2.3.tgz",
      "integrity": "sha1-RlVH81nMwgbTxI5Goby4m/fuYZ0=",
      "dev": true,
      "engines": {
        "node": ">=8.6"
      }
    },
    "node_modules/resolve": {
      "version": "1.20.0",
      "resolved": "https://registry.npm.taobao.org/resolve/download/resolve-1.20.0.tgz",
      "integrity": "sha1-YpoBP7P3B1XW8LeTXMHCxTeLGXU=",
      "dev": true,
      "dependencies": {
        "is-core-module": "^2.2.0",
        "path-parse": "^1.0.6"
      }
    },
    "node_modules/rollup": {
      "version": "2.47.0",
      "resolved": "https://registry.nlark.com/rollup/download/rollup-2.47.0.tgz?cache=0&sync_timestamp=1620104691023&other_urls=https%3A%2F%2Fregistry.nlark.com%2Frollup%2Fdownload%2Frollup-2.47.0.tgz",
      "integrity": "sha1-nZWK6ywPajg8rMBAHf8CtuJSZk0=",
      "dev": true,
      "peer": true,
      "bin": {
        "rollup": "dist/bin/rollup"
      },
      "engines": {
        "node": ">=10.0.0"
      },
      "optionalDependencies": {
        "fsevents": "~2.3.1"
      }
    },
    "node_modules/tunnel": {
      "version": "0.0.6",
      "resolved": "https://registry.npm.taobao.org/tunnel/download/tunnel-0.0.6.tgz",
      "integrity": "sha1-cvExSzSlsZLbASMk3yzFh8pH+Sw=",
      "engines": {
        "node": ">=0.6.11 <=0.7.0 || >=0.7.3"
      }
    },
    "node_modules/universal-user-agent": {
      "version": "6.0.0",
      "resolved": "https://registry.npm.taobao.org/universal-user-agent/download/universal-user-agent-6.0.0.tgz",
      "integrity": "sha1-M4H4UDslHA2c0hvB3pOeyd9UgO4="
    },
    "node_modules/wrappy": {
      "version": "1.0.2",
      "resolved": "https://registry.nlark.com/wrappy/download/wrappy-1.0.2.tgz?cache=0&sync_timestamp=1619133505879&other_urls=https%3A%2F%2Fregistry.nlark.com%2Fwrappy%2Fdownload%2Fwrappy-1.0.2.tgz",
      "integrity": "sha1-tSQ9jz7BqjXxNkYFvA0QNuMKtp8="
    }
  },
  "dependencies": {
    "@actions/core": {
      "version": "1.2.7",
      "resolved": "https://registry.npm.taobao.org/@actions/core/download/@actions/core-1.2.7.tgz",
      "integrity": "sha1-WU+MRbIT8BRuS+ftqK5c9OGY5as="
    },
    "@actions/exec": {
      "version": "1.0.4",
      "resolved": "https://registry.nlark.com/@actions/exec/download/@actions/exec-1.0.4.tgz",
      "integrity": "sha1-mddTEOYuWfw30u5tz/bUv/rdOl0=",
      "requires": {
        "@actions/io": "^1.0.1"
      }
    },
    "@actions/github": {
      "version": "4.0.0",
      "resolved": "https://registry.nlark.com/@actions/github/download/@actions/github-4.0.0.tgz",
      "integrity": "sha1-1SBIMVGiv10tyc0PIPmsOi5FiBY=",
      "requires": {
        "@actions/http-client": "^1.0.8",
        "@octokit/core": "^3.0.0",
        "@octokit/plugin-paginate-rest": "^2.2.3",
        "@octokit/plugin-rest-endpoint-methods": "^4.0.0"
      }
    },
    "@actions/http-client": {
      "version": "1.0.11",
      "resolved": "https://registry.nlark.com/@actions/http-client/download/@actions/http-client-1.0.11.tgz",
      "integrity": "sha1-xYsS6aqLFZ7jnn3Wy9DpHZBWM8A=",
      "requires": {
        "tunnel": "0.0.6"
      }
    },
    "@actions/io": {
      "version": "1.1.0",
      "resolved": "https://registry.nlark.com/@actions/io/download/@actions/io-1.1.0.tgz",
      "integrity": "sha1-AsmLXtk8MzGYHJoHVJQGZADq23o="
    },
    "@octokit/auth-token": {
      "version": "2.4.5",
      "resolved": "https://registry.npm.taobao.org/@octokit/auth-token/download/@octokit/auth-token-2.4.5.tgz",
      "integrity": "sha1-VozPuMtG82RB+sCUzjT3qHWxl/M=",
      "requires": {
        "@octokit/types": "^6.0.3"
      }
    },
    "@octokit/core": {
      "version": "3.4.0",
      "resolved": "https://registry.npm.taobao.org/@octokit/core/download/@octokit/core-3.4.0.tgz",
      "integrity": "sha1-tIqifXVbM5/nVQVIs0DcwrUTt0I=",
      "requires": {
        "@octokit/auth-token": "^2.4.4",
        "@octokit/graphql": "^4.5.8",
        "@octokit/request": "^5.4.12",
        "@octokit/request-error": "^2.0.5",
        "@octokit/types": "^6.0.3",
        "before-after-hook": "^2.2.0",
        "universal-user-agent": "^6.0.0"
      }
    },
    "@octokit/endpoint": {
      "version": "6.0.11",
      "resolved": "https://registry.npm.taobao.org/@octokit/endpoint/download/@octokit/endpoint-6.0.11.tgz",
      "integrity": "sha1-CCrcKuvKbc76H7OD9e+z7QgZSdE=",
      "requires": {
        "@octokit/types": "^6.0.3",
        "is-plain-object": "^5.0.0",
        "universal-user-agent": "^6.0.0"
      }
    },
    "@octokit/graphql": {
      "version": "4.6.1",
      "resolved": "https://registry.npm.taobao.org/@octokit/graphql/download/@octokit/graphql-4.6.1.tgz",
      "integrity": "sha1-+XVIakbJS32+WKDKdRk17cfjLMk=",
      "requires": {
        "@octokit/request": "^5.3.0",
        "@octokit/types": "^6.0.3",
        "universal-user-agent": "^6.0.0"
      }
    },
    "@octokit/openapi-types": {
      "version": "7.0.0",
      "resolved": "https://registry.nlark.com/@octokit/openapi-types/download/@octokit/openapi-types-7.0.0.tgz",
      "integrity": "sha1-D2mS25hUrxXsp31xqw7H+tLyBBE="
    },
    "@octokit/plugin-paginate-rest": {
      "version": "2.13.3",
      "resolved": "https://registry.npm.taobao.org/@octokit/plugin-paginate-rest/download/@octokit/plugin-paginate-rest-2.13.3.tgz",
      "integrity": "sha1-8PF5IjCAUQh2LYeQb7AtVzueBwo=",
      "requires": {
        "@octokit/types": "^6.11.0"
      }
    },
    "@octokit/plugin-rest-endpoint-methods": {
      "version": "4.15.1",
      "resolved": "https://registry.nlark.com/@octokit/plugin-rest-endpoint-methods/download/@octokit/plugin-rest-endpoint-methods-4.15.1.tgz",
      "integrity": "sha1-kaBkvumdD/zvdKBDV+HPFcJ9HNA=",
      "requires": {
        "@octokit/types": "^6.13.0",
        "deprecation": "^2.3.1"
      }
    },
    "@octokit/request": {
      "version": "5.4.15",
      "resolved": "https://registry.npm.taobao.org/@octokit/request/download/@octokit/request-5.4.15.tgz",
      "integrity": "sha1-gp2kE9x906peLNuxx9Dr4fFGoSg=",
      "requires": {
        "@octokit/endpoint": "^6.0.1",
        "@octokit/request-error": "^2.0.0",
        "@octokit/types": "^6.7.1",
        "is-plain-object": "^5.0.0",
        "node-fetch": "^2.6.1",
        "universal-user-agent": "^6.0.0"
      }
    },
    "@octokit/request-error": {
      "version": "2.0.5",
      "resolved": "https://registry.npm.taobao.org/@octokit/request-error/download/@octokit/request-error-2.0.5.tgz",
      "integrity": "sha1-csyR7chwKBrVg6QmGSVrOAxgAUM=",
      "requires": {
        "@octokit/types": "^6.0.3",
        "deprecation": "^2.0.0",
        "once": "^1.4.0"
      }
    },
    "@octokit/types": {
      "version": "6.14.2",
      "resolved": "https://registry.nlark.com/@octokit/types/download/@octokit/types-6.14.2.tgz",
      "integrity": "sha1-ZMlFfzj7hSK9u6PIzIFFkKLWG/U=",
      "requires": {
        "@octokit/openapi-types": "^7.0.0"
      }
    },
    "@rollup/plugin-node-resolve": {
      "version": "13.0.0",
      "resolved": "https://registry.nlark.com/@rollup/plugin-node-resolve/download/@rollup/plugin-node-resolve-13.0.0.tgz",
      "integrity": "sha1-NS8H5DD/N3gJ7I7Ipv1jZUcWLcQ=",
      "dev": true,
      "requires": {
        "@rollup/pluginutils": "^3.1.0",
        "@types/resolve": "1.17.1",
        "builtin-modules": "^3.1.0",
        "deepmerge": "^4.2.2",
        "is-module": "^1.0.0",
        "resolve": "^1.19.0"
      }
    },
    "@rollup/pluginutils": {
      "version": "3.1.0",
      "resolved": "https://registry.npm.taobao.org/@rollup/pluginutils/download/@rollup/pluginutils-3.1.0.tgz",
      "integrity": "sha1-cGtFJO5tyLEDs8mVUz5a1oDAK5s=",
      "dev": true,
      "requires": {
        "@types/estree": "0.0.39",
        "estree-walker": "^1.0.1",
        "picomatch": "^2.2.2"
      }
    },
    "@types/estree": {
      "version": "0.0.39",
      "resolved": "https://registry.npm.taobao.org/@types/estree/download/@types/estree-0.0.39.tgz",
      "integrity": "sha1-4Xfmme4bjCLSMXTKqnQiZEOJUJ8=",
      "dev": true
    },
    "@types/node": {
      "version": "15.0.2",
      "resolved": "https://registry.nlark.com/@types/node/download/@types/node-15.0.2.tgz",
      "integrity": "sha1-UenAkg0bRZNuoENBqj4uWNM5+2c=",
      "dev": true
    },
    "@types/resolve": {
      "version": "1.17.1",
      "resolved": "https://registry.npm.taobao.org/@types/resolve/download/@types/resolve-1.17.1.tgz?cache=0&sync_timestamp=1613671200787&other_urls=https%3A%2F%2Fregistry.npm.taobao.org%2F%40types%2Fresolve%2Fdownload%2F%40types%2Fresolve-1.17.1.tgz",
      "integrity": "sha1-Ov1q2JZ8d+Q3bFmKgt3Vj0bsRdY=",
      "dev": true,
      "requires": {
        "@types/node": "*"
      }
    },
    "before-after-hook": {
      "version": "2.2.1",
      "resolved": "https://registry.npm.taobao.org/before-after-hook/download/before-after-hook-2.2.1.tgz",
      "integrity": "sha1-c1QFY1WGh1hrUu0hfa1qgCqxVJw="
    },
    "builtin-modules": {
      "version": "3.2.0",
      "resolved": "https://registry.npm.taobao.org/builtin-modules/download/builtin-modules-3.2.0.tgz",
      "integrity": "sha1-RdXbmefuXmvE82LgCL+RerUEmIc=",
      "dev": true
    },
    "deepmerge": {
      "version": "4.2.2",
      "resolved": "https://registry.npm.taobao.org/deepmerge/download/deepmerge-4.2.2.tgz",
      "integrity": "sha1-RNLqNnm49NT/ujPwPYZfwee/SVU=",
      "dev": true
    },
    "deprecation": {
      "version": "2.3.1",
      "resolved": "https://registry.npm.taobao.org/deprecation/download/deprecation-2.3.1.tgz",
      "integrity": "sha1-Y2jL20Cr8zc7UlrIfkomDDpwCRk="
    },
    "estree-walker": {
      "version": "1.0.1",
      "resolved": "https://registry.nlark.com/estree-walker/download/estree-walker-1.0.1.tgz?cache=0&sync_timestamp=1618846920228&other_urls=https%3A%2F%2Fregistry.nlark.com%2Festree-walker%2Fdownload%2Festree-walker-1.0.1.tgz",
      "integrity": "sha1-MbxdYSyWtwQQa0d+bdXYqhOMtwA=",
      "dev": true
    },
    "fsevents": {
      "version": "2.3.2",
      "resolved": "https://registry.npm.taobao.org/fsevents/download/fsevents-2.3.2.tgz?cache=0&sync_timestamp=1612537044236&other_urls=https%3A%2F%2Fregistry.npm.taobao.org%2Ffsevents%2Fdownload%2Ffsevents-2.3.2.tgz",
      "integrity": "sha1-ilJveLj99GI7cJ4Ll1xSwkwC/Ro=",
      "dev": true,
      "optional": true,
      "peer": true
    },
    "function-bind": {
      "version": "1.1.1",
      "resolved": "https://registry.npm.taobao.org/function-bind/download/function-bind-1.1.1.tgz",
      "integrity": "sha1-pWiZ0+o8m6uHS7l3O3xe3pL0iV0=",
      "dev": true
    },
    "has": {
      "version": "1.0.3",
      "resolved": "https://registry.npm.taobao.org/has/download/has-1.0.3.tgz",
      "integrity": "sha1-ci18v8H2qoJB8W3YFOAR4fQeh5Y=",
      "dev": true,
      "requires": {
        "function-bind": "^1.1.1"
      }
    },
    "is-core-module": {
      "version": "2.4.0",
      "resolved": "https://registry.nlark.com/is-core-module/download/is-core-module-2.4.0.tgz",
      "integrity": "sha1-jp/I4VAnsBFBgCbpjw5vTYYwXME=",
      "dev": true,
      "requires": {
        "has": "^1.0.3"
      }
    },
    "is-module": {
      "version": "1.0.0",
      "resolved": "https://registry.nlark.com/is-module/download/is-module-1.0.0.tgz",
      "integrity": "sha1-Mlj7afeMFNW4FdZkM2tM/7ZEFZE=",
      "dev": true
    },
    "is-plain-object": {
      "version": "5.0.0",
      "resolved": "https://registry.npm.taobao.org/is-plain-object/download/is-plain-object-5.0.0.tgz",
      "integrity": "sha1-RCf1CrNCnpAl6n1S6QQ6nvQVk0Q="
    },
    "node-fetch": {
      "version": "2.6.1",
      "resolved": "https://registry.npm.taobao.org/node-fetch/download/node-fetch-2.6.1.tgz",
      "integrity": "sha1-BFvTI2Mfdu0uK1VXM5RBa2OaAFI="
    },
    "once": {
      "version": "1.4.0",
      "resolved": "https://registry.npm.taobao.org/once/download/once-1.4.0.tgz",
      "integrity": "sha1-WDsap3WWHUsROsF9nFC6753Xa9E=",
      "requires": {
        "wrappy": "1"
      }
    },
    "path-parse": {
      "version": "1.0.6",
      "resolved": "https://registry.npm.taobao.org/path-parse/download/path-parse-1.0.6.tgz",
      "integrity": "sha1-1i27VnlAXXLEc37FhgDp3c8G0kw=",
      "dev": true
    },
    "picomatch": {
      "version": "2.2.3",
      "resolved": "https://registry.npm.taobao.org/picomatch/download/picomatch-2.2.3.tgz?cache=0&sync_timestamp=1618050023150&other_urls=https%3A%2F%2Fregistry.npm.taobao.org%2Fpicomatch%2Fdownload%2Fpicomatch-2.2.3.tgz",
      "integrity": "sha1-RlVH81nMwgbTxI5Goby4m/fuYZ0=",
      "dev": true
    },
    "resolve": {
      "version": "1.20.0",
      "resolved": "https://registry.npm.taobao.org/resolve/download/resolve-1.20.0.tgz",
      "integrity": "sha1-YpoBP7P3B1XW8LeTXMHCxTeLGXU=",
      "dev": true,
      "requires": {
        "is-core-module": "^2.2.0",
        "path-parse": "^1.0.6"
      }
    },
    "rollup": {
      "version": "2.47.0",
      "resolved": "https://registry.nlark.com/rollup/download/rollup-2.47.0.tgz?cache=0&sync_timestamp=1620104691023&other_urls=https%3A%2F%2Fregistry.nlark.com%2Frollup%2Fdownload%2Frollup-2.47.0.tgz",
      "integrity": "sha1-nZWK6ywPajg8rMBAHf8CtuJSZk0=",
      "dev": true,
      "peer": true,
      "requires": {
        "fsevents": "~2.3.1"
      }
    },
    "tunnel": {
      "version": "0.0.6",
      "resolved": "https://registry.npm.taobao.org/tunnel/download/tunnel-0.0.6.tgz",
      "integrity": "sha1-cvExSzSlsZLbASMk3yzFh8pH+Sw="
    },
    "universal-user-agent": {
      "version": "6.0.0",
      "resolved": "https://registry.npm.taobao.org/universal-user-agent/download/universal-user-agent-6.0.0.tgz",
      "integrity": "sha1-M4H4UDslHA2c0hvB3pOeyd9UgO4="
    },
    "wrappy": {
      "version": "1.0.2",
      "resolved": "https://registry.nlark.com/wrappy/download/wrappy-1.0.2.tgz?cache=0&sync_timestamp=1619133505879&other_urls=https%3A%2F%2Fregistry.nlark.com%2Fwrappy%2Fdownload%2Fwrappy-1.0.2.tgz",
      "integrity": "sha1-tSQ9jz7BqjXxNkYFvA0QNuMKtp8="
    }
  }
}
